// !$*UTF8*$!
{
	archiveVersion = 1;
	classes = {
	};
	objectVersion = 56;
	objects = {

/* Begin PBXBuildFile section */
		EE20BBA92B14E09E00D4EF35 /* MisPropinasApp.swift in Sources */ = {isa = PBXBuildFile; fileRef = EE20BBA82B14E09E00D4EF35 /* MisPropinasApp.swift */; };
		EE20BBAB2B14E09E00D4EF35 /* ContentView.swift in Sources */ = {isa = PBXBuildFile; fileRef = EE20BBAA2B14E09E00D4EF35 /* ContentView.swift */; };
		EE20BBAD2B14E0A000D4EF35 /* Assets.xcassets in Resources */ = {isa = PBXBuildFile; fileRef = EE20BBAC2B14E0A000D4EF35 /* Assets.xcassets */; };
		EE20BBB02B14E0A000D4EF35 /* Preview Assets.xcassets in Resources */ = {isa = PBXBuildFile; fileRef = EE20BBAF2B14E0A000D4EF35 /* Preview Assets.xcassets */; };
		EE20BBBA2B14E0A000D4EF35 /* MisPropinasTests.swift in Sources */ = {isa = PBXBuildFile; fileRef = EE20BBB92B14E0A000D4EF35 /* MisPropinasTests.swift */; };
		EE20BBC42B14E0A000D4EF35 /* MisPropinasUITests.swift in Sources */ = {isa = PBXBuildFile; fileRef = EE20BBC32B14E0A000D4EF35 /* MisPropinasUITests.swift */; };
		EE20BBC62B14E0A000D4EF35 /* MisPropinasUITestsLaunchTests.swift in Sources */ = {isa = PBXBuildFile; fileRef = EE20BBC52B14E0A000D4EF35 /* MisPropinasUITestsLaunchTests.swift */; };
/* End PBXBuildFile section */

/* Begin PBXContainerItemProxy section */
		EE20BBB62B14E0A000D4EF35 /* PBXContainerItemProxy */ = {
			isa = PBXContainerItemProxy;
			containerPortal = EE20BB9D2B14E09E00D4EF35 /* Project object */;
			proxyType = 1;
			remoteGlobalIDString = EE20BBA42B14E09E00D4EF35;
			remoteInfo = MisPropinas;
		};
		EE20BBC02B14E0A000D4EF35 /* PBXContainerItemProxy */ = {
			isa = PBXContainerItemProxy;
			containerPortal = EE20BB9D2B14E09E00D4EF35 /* Project object */;
			proxyType = 1;
			remoteGlobalIDString = EE20BBA42B14E09E00D4EF35;
			remoteInfo = MisPropinas;
		};
/* End PBXContainerItemProxy section */

/* Begin PBXFileReference section */
		EE20BBA52B14E09E00D4EF35 /* MisPropinas.app */ = {isa = PBXFileReference; explicitFileType = wrapper.application; includeInIndex = 0; path = MisPropinas.app; sourceTree = BUILT_PRODUCTS_DIR; };
		EE20BBA82B14E09E00D4EF35 /* MisPropinasApp.swift */ = {isa = PBXFileReference; lastKnownFileType = sourcecode.swift; path = MisPropinasApp.swift; sourceTree = "<group>"; };
		EE20BBAA2B14E09E00D4EF35 /* ContentView.swift */ = {isa = PBXFileReference; lastKnownFileType = sourcecode.swift; path = ContentView.swift; sourceTree = "<group>"; };
		EE20BBAC2B14E0A000D4EF35 /* Assets.xcassets */ = {isa = PBXFileReference; lastKnownFileType = folder.assetcatalog; path = Assets.xcassets; sourceTree = "<group>"; };
		EE20BBAF2B14E0A000D4EF35 /* Preview Assets.xcassets */ = {isa = PBXFileReference; lastKnownFileType = folder.assetcatalog; path = "Preview Assets.xcassets"; sourceTree = "<group>"; };
		EE20BBB52B14E0A000D4EF35 /* MisPropinasTests.xctest */ = {isa = PBXFileReference; explicitFileType = wrapper.cfbundle; includeInIndex = 0; path = MisPropinasTests.xctest; sourceTree = BUILT_PRODUCTS_DIR; };
		EE20BBB92B14E0A000D4EF35 /* MisPropinasTests.swift */ = {isa = PBXFileReference; lastKnownFileType = sourcecode.swift; path = MisPropinasTests.swift; sourceTree = "<group>"; };
		EE20BBBF2B14E0A000D4EF35 /* MisPropinasUITests.xctest */ = {isa = PBXFileReference; explicitFileType = wrapper.cfbundle; includeInIndex = 0; path = MisPropinasUITests.xctest; sourceTree = BUILT_PRODUCTS_DIR; };
		EE20BBC32B14E0A000D4EF35 /* MisPropinasUITests.swift */ = {isa = PBXFileReference; lastKnownFileType = sourcecode.swift; path = MisPropinasUITests.swift; sourceTree = "<group>"; };
		EE20BBC52B14E0A000D4EF35 /* MisPropinasUITestsLaunchTests.swift */ = {isa = PBXFileReference; lastKnownFileType = sourcecode.swift; path = MisPropinasUITestsLaunchTests.swift; sourceTree = "<group>"; };
/* End PBXFileReference section */

/* Begin PBXFrameworksBuildPhase section */
		EE20BBA22B14E09E00D4EF35 /* Frameworks */ = {
			isa = PBXFrameworksBuildPhase;
			buildActionMask = 2147483647;
			files = (
			);
			runOnlyForDeploymentPostprocessing = 0;
		};
		EE20BBB22B14E0A000D4EF35 /* Frameworks */ = {
			isa = PBXFrameworksBuildPhase;
			buildActionMask = 2147483647;
			files = (
			);
			runOnlyForDeploymentPostprocessing = 0;
		};
		EE20BBBC2B14E0A000D4EF35 /* Frameworks */ = {
			isa = PBXFrameworksBuildPhase;
			buildActionMask = 2147483647;
			files = (
			);
			runOnlyForDeploymentPostprocessing = 0;
		};
/* End PBXFrameworksBuildPhase section */

/* Begin PBXGroup section */
		EE20BB9C2B14E09E00D4EF35 = {
			isa = PBXGroup;
			children = (
				EE20BBA72B14E09E00D4EF35 /* MisPropinas */,
				EE20BBB82B14E0A000D4EF35 /* MisPropinasTests */,
				EE20BBC22B14E0A000D4EF35 /* MisPropinasUITests */,
				EE20BBA62B14E09E00D4EF35 /* Products */,
			);
			sourceTree = "<group>";
		};
		EE20BBA62B14E09E00D4EF35 /* Products */ = {
			isa = PBXGroup;
			children = (
				EE20BBA52B14E09E00D4EF35 /* MisPropinas.app */,
				EE20BBB52B14E0A000D4EF35 /* MisPropinasTests.xctest */,
				EE20BBBF2B14E0A000D4EF35 /* MisPropinasUITests.xctest */,
			);
			name = Products;
			sourceTree = "<group>";
		};
		EE20BBA72B14E09E00D4EF35 /* MisPropinas */ = {
			isa = PBXGroup;
			children = (
				EE20BBA82B14E09E00D4EF35 /* MisPropinasApp.swift */,
				EE20BBAA2B14E09E00D4EF35 /* ContentView.swift */,
				EE20BBAC2B14E0A000D4EF35 /* Assets.xcassets */,
				EE20BBAE2B14E0A000D4EF35 /* Preview Content */,
			);
			path = MisPropinas;
			sourceTree = "<group>";
		};
		EE20BBAE2B14E0A000D4EF35 /* Preview Content */ = {
			isa = PBXGroup;
			children = (
				EE20BBAF2B14E0A000D4EF35 /* Preview Assets.xcassets */,
			);
			path = "Preview Content";
			sourceTree = "<group>";
		};
		EE20BBB82B14E0A000D4EF35 /* MisPropinasTests */ = {
			isa = PBXGroup;
			children = (
				EE20BBB92B14E0A000D4EF35 /* MisPropinasTests.swift */,
			);
			path = MisPropinasTests;
			sourceTree = "<group>";
		};
		EE20BBC22B14E0A000D4EF35 /* MisPropinasUITests */ = {
			isa = PBXGroup;
			children = (
				EE20BBC32B14E0A000D4EF35 /* MisPropinasUITests.swift */,
				EE20BBC52B14E0A000D4EF35 /* MisPropinasUITestsLaunchTests.swift */,
			);
			path = MisPropinasUITests;
			sourceTree = "<group>";
		};
/* End PBXGroup section */

/* Begin PBXNativeTarget section */
		EE20BBA42B14E09E00D4EF35 /* MisPropinas */ = {
			isa = PBXNativeTarget;
			buildConfigurationList = EE20BBC92B14E0A000D4EF35 /* Build configuration list for PBXNativeTarget "MisPropinas" */;
			buildPhases = (
				EE20BBA12B14E09E00D4EF35 /* Sources */,
				EE20BBA22B14E09E00D4EF35 /* Frameworks */,
				EE20BBA32B14E09E00D4EF35 /* Resources */,
			);
			buildRules = (
			);
			dependencies = (
			);
			name = MisPropinas;
			productName = MisPropinas;
			productReference = EE20BBA52B14E09E00D4EF35 /* MisPropinas.app */;
			productType = "com.apple.product-type.application";
		};
		EE20BBB42B14E0A000D4EF35 /* MisPropinasTests */ = {
			isa = PBXNativeTarget;
			buildConfigurationList = EE20BBCC2B14E0A000D4EF35 /* Build configuration list for PBXNativeTarget "MisPropinasTests" */;
			buildPhases = (
				EE20BBB12B14E0A000D4EF35 /* Sources */,
				EE20BBB22B14E0A000D4EF35 /* Frameworks */,
				EE20BBB32B14E0A000D4EF35 /* Resources */,
			);
			buildRules = (
			);
			dependencies = (
				EE20BBB72B14E0A000D4EF35 /* PBXTargetDependency */,
			);
			name = MisPropinasTests;
			productName = MisPropinasTests;
			productReference = EE20BBB52B14E0A000D4EF35 /* MisPropinasTests.xctest */;
			productType = "com.apple.product-type.bundle.unit-test";
		};
		EE20BBBE2B14E0A000D4EF35 /* MisPropinasUITests */ = {
			isa = PBXNativeTarget;
			buildConfigurationList = EE20BBCF2B14E0A000D4EF35 /* Build configuration list for PBXNativeTarget "MisPropinasUITests" */;
			buildPhases = (
				EE20BBBB2B14E0A000D4EF35 /* Sources */,
				EE20BBBC2B14E0A000D4EF35 /* Frameworks */,
				EE20BBBD2B14E0A000D4EF35 /* Resources */,
			);
			buildRules = (
			);
			dependencies = (
				EE20BBC12B14E0A000D4EF35 /* PBXTargetDependency */,
			);
			name = MisPropinasUITests;
			productName = MisPropinasUITests;
			productReference = EE20BBBF2B14E0A000D4EF35 /* MisPropinasUITests.xctest */;
			productType = "com.apple.product-type.bundle.ui-testing";
		};
/* End PBXNativeTarget section */

/* Begin PBXProject section */
		EE20BB9D2B14E09E00D4EF35 /* Project object */ = {
			isa = PBXProject;
			attributes = {
				BuildIndependentTargetsInParallel = 1;
				LastSwiftUpdateCheck = 1500;
				LastUpgradeCheck = 1500;
				TargetAttributes = {
					EE20BBA42B14E09E00D4EF35 = {
						CreatedOnToolsVersion = 15.0.1;
					};
					EE20BBB42B14E0A000D4EF35 = {
						CreatedOnToolsVersion = 15.0.1;
						TestTargetID = EE20BBA42B14E09E00D4EF35;
					};
					EE20BBBE2B14E0A000D4EF35 = {
						CreatedOnToolsVersion = 15.0.1;
						TestTargetID = EE20BBA42B14E09E00D4EF35;
					};
				};
			};
			buildConfigurationList = EE20BBA02B14E09E00D4EF35 /* Build configuration list for PBXProject "MisPropinas" */;
			compatibilityVersion = "Xcode 14.0";
			developmentRegion = en;
			hasScannedForEncodings = 0;
			knownRegions = (
				en,
				Base,
			);
			mainGroup = EE20BB9C2B14E09E00D4EF35;
			productRefGroup = EE20BBA62B14E09E00D4EF35 /* Products */;
			projectDirPath = "";
			projectRoot = "";
			targets = (
				EE20BBA42B14E09E00D4EF35 /* MisPropinas */,
				EE20BBB42B14E0A000D4EF35 /* MisPropinasTests */,
				EE20BBBE2B14E0A000D4EF35 /* MisPropinasUITests */,
			);
		};
/* End PBXProject section */

/* Begin PBXResourcesBuildPhase section */
		EE20BBA32B14E09E00D4EF35 /* Resources */ = {
			isa = PBXResourcesBuildPhase;
			buildActionMask = 2147483647;
			files = (
				EE20BBB02B14E0A000D4EF35 /* Preview Assets.xcassets in Resources */,
				EE20BBAD2B14E0A000D4EF35 /* Assets.xcassets in Resources */,
			);
			runOnlyForDeploymentPostprocessing = 0;
		};
		EE20BBB32B14E0A000D4EF35 /* Resources */ = {
			isa = PBXResourcesBuildPhase;
			buildActionMask = 2147483647;
			files = (
			);
			runOnlyForDeploymentPostprocessing = 0;
		};
		EE20BBBD2B14E0A000D4EF35 /* Resources */ = {
			isa = PBXResourcesBuildPhase;
			buildActionMask = 2147483647;
			files = (
			);
			runOnlyForDeploymentPostprocessing = 0;
		};
/* End PBXResourcesBuildPhase section */

/* Begin PBXSourcesBuildPhase section */
		EE20BBA12B14E09E00D4EF35 /* Sources */ = {
			isa = PBXSourcesBuildPhase;
			buildActionMask = 2147483647;
			files = (
				EE20BBAB2B14E09E00D4EF35 /* ContentView.swift in Sources */,
				EE20BBA92B14E09E00D4EF35 /* MisPropinasApp.swift in Sources */,
			);
			runOnlyForDeploymentPostprocessing = 0;
		};
		EE20BBB12B14E0A000D4EF35 /* Sources */ = {
			isa = PBXSourcesBuildPhase;
			buildActionMask = 2147483647;
			files = (
				EE20BBBA2B14E0A000D4EF35 /* MisPropinasTests.swift in Sources */,
			);
			runOnlyForDeploymentPostprocessing = 0;
		};
		EE20BBBB2B14E0A000D4EF35 /* Sources */ = {
			isa = PBXSourcesBuildPhase;
			buildActionMask = 2147483647;
			files = (
				EE20BBC62B14E0A000D4EF35 /* MisPropinasUITestsLaunchTests.swift in Sources */,
				EE20BBC42B14E0A000D4EF35 /* MisPropinasUITests.swift in Sources */,
			);
			runOnlyForDeploymentPostprocessing = 0;
		};
/* End PBXSourcesBuildPhase section */

/* Begin PBXTargetDependency section */
		EE20BBB72B14E0A000D4EF35 /* PBXTargetDependency */ = {
			isa = PBXTargetDependency;
			target = EE20BBA42B14E09E00D4EF35 /* MisPropinas */;
			targetProxy = EE20BBB62B14E0A000D4EF35 /* PBXContainerItemProxy */;
		};
		EE20BBC12B14E0A000D4EF35 /* PBXTargetDependency */ = {
			isa = PBXTargetDependency;
			target = EE20BBA42B14E09E00D4EF35 /* MisPropinas */;
			targetProxy = EE20BBC02B14E0A000D4EF35 /* PBXContainerItemProxy */;
		};
/* End PBXTargetDependency section */

/* Begin XCBuildConfiguration section */
		EE20BBC72B14E0A000D4EF35 /* Debug */ = {
			isa = XCBuildConfiguration;
			buildSettings = {
				ALWAYS_SEARCH_USER_PATHS = NO;
				ASSETCATALOG_COMPILER_GENERATE_SWIFT_ASSET_SYMBOL_EXTENSIONS = YES;
				CLANG_ANALYZER_NONNULL = YES;
				CLANG_ANALYZER_NUMBER_OBJECT_CONVERSION = YES_AGGRESSIVE;
				CLANG_CXX_LANGUAGE_STANDARD = "gnu++20";
				CLANG_ENABLE_MODULES = YES;
				CLANG_ENABLE_OBJC_ARC = YES;
				CLANG_ENABLE_OBJC_WEAK = YES;
				CLANG_WARN_BLOCK_CAPTURE_AUTORELEASING = YES;
				CLANG_WARN_BOOL_CONVERSION = YES;
				CLANG_WARN_COMMA = YES;
				CLANG_WARN_CONSTANT_CONVERSION = YES;
				CLANG_WARN_DEPRECATED_OBJC_IMPLEMENTATIONS = YES;
				CLANG_WARN_DIRECT_OBJC_ISA_USAGE = YES_ERROR;
				CLANG_WARN_DOCUMENTATION_COMMENTS = YES;
				CLANG_WARN_EMPTY_BODY = YES;
				CLANG_WARN_ENUM_CONVERSION = YES;
				CLANG_WARN_INFINITE_RECURSION = YES;
				CLANG_WARN_INT_CONVERSION = YES;
				CLANG_WARN_NON_LITERAL_NULL_CONVERSION = YES;
				CLANG_WARN_OBJC_IMPLICIT_RETAIN_SELF = YES;
				CLANG_WARN_OBJC_LITERAL_CONVERSION = YES;
				CLANG_WARN_OBJC_ROOT_CLASS = YES_ERROR;
				CLANG_WARN_QUOTED_INCLUDE_IN_FRAMEWORK_HEADER = YES;
				CLANG_WARN_RANGE_LOOP_ANALYSIS = YES;
				CLANG_WARN_STRICT_PROTOTYPES = YES;
				CLANG_WARN_SUSPICIOUS_MOVE = YES;
				CLANG_WARN_UNGUARDED_AVAILABILITY = YES_AGGRESSIVE;
				CLANG_WARN_UNREACHABLE_CODE = YES;
				CLANG_WARN__DUPLICATE_METHOD_MATCH = YES;
				COPY_PHASE_STRIP = NO;
				DEBUG_INFORMATION_FORMAT = dwarf;
				ENABLE_STRICT_OBJC_MSGSEND = YES;
				ENABLE_TESTABILITY = YES;
				ENABLE_USER_SCRIPT_SANDBOXING = YES;
				GCC_C_LANGUAGE_STANDARD = gnu17;
				GCC_DYNAMIC_NO_PIC = NO;
				GCC_NO_COMMON_BLOCKS = YES;
				GCC_OPTIMIZATION_LEVEL = 0;
				GCC_PREPROCESSOR_DEFINITIONS = (
					"DEBUG=1",
					"$(inherited)",
				);
				GCC_WARN_64_TO_32_BIT_CONVERSION = YES;
				GCC_WARN_ABOUT_RETURN_TYPE = YES_ERROR;
				GCC_WARN_UNDECLARED_SELECTOR = YES;
				GCC_WARN_UNINITIALIZED_AUTOS = YES_AGGRESSIVE;
				GCC_WARN_UNUSED_FUNCTION = YES;
				GCC_WARN_UNUSED_VARIABLE = YES;
				IPHONEOS_DEPLOYMENT_TARGET = 17.0;
				LOCALIZATION_PREFERS_STRING_CATALOGS = YES;
				MTL_ENABLE_DEBUG_INFO = INCLUDE_SOURCE;
				MTL_FAST_MATH = YES;
				ONLY_ACTIVE_ARCH = YES;
				SDKROOT = iphoneos;
				SWIFT_ACTIVE_COMPILATION_CONDITIONS = "DEBUG $(inherited)";
				SWIFT_OPTIMIZATION_LEVEL = "-Onone";
			};
			name = Debug;
		};
		EE20BBC82B14E0A000D4EF35 /* Release */ = {
			isa = XCBuildConfiguration;
			buildSettings = {
				ALWAYS_SEARCH_USER_PATHS = NO;
				ASSETCATALOG_COMPILER_GENERATE_SWIFT_ASSET_SYMBOL_EXTENSIONS = YES;
				CLANG_ANALYZER_NONNULL = YES;
				CLANG_ANALYZER_NUMBER_OBJECT_CONVERSION = YES_AGGRESSIVE;
				CLANG_CXX_LANGUAGE_STANDARD = "gnu++20";
				CLANG_ENABLE_MODULES = YES;
				CLANG_ENABLE_OBJC_ARC = YES;
				CLANG_ENABLE_OBJC_WEAK = YES;
				CLANG_WARN_BLOCK_CAPTURE_AUTORELEASING = YES;
				CLANG_WARN_BOOL_CONVERSION = YES;
				CLANG_WARN_COMMA = YES;
				CLANG_WARN_CONSTANT_CONVERSION = YES;
				CLANG_WARN_DEPRECATED_OBJC_IMPLEMENTATIONS = YES;
				CLANG_WARN_DIRECT_OBJC_ISA_USAGE = YES_ERROR;
				CLANG_WARN_DOCUMENTATION_COMMENTS = YES;
				CLANG_WARN_EMPTY_BODY = YES;
				CLANG_WARN_ENUM_CONVERSION = YES;
				CLANG_WARN_INFINITE_RECURSION = YES;
				CLANG_WARN_INT_CONVERSION = YES;
				CLANG_WARN_NON_LITERAL_NULL_CONVERSION = YES;
				CLANG_WARN_OBJC_IMPLICIT_RETAIN_SELF = YES;
				CLANG_WARN_OBJC_LITERAL_CONVERSION = YES;
				CLANG_WARN_OBJC_ROOT_CLASS = YES_ERROR;
				CLANG_WARN_QUOTED_INCLUDE_IN_FRAMEWORK_HEADER = YES;
				CLANG_WARN_RANGE_LOOP_ANALYSIS = YES;
				CLANG_WARN_STRICT_PROTOTYPES = YES;
				CLANG_WARN_SUSPICIOUS_MOVE = YES;
				CLANG_WARN_UNGUARDED_AVAILABILITY = YES_AGGRESSIVE;
				CLANG_WARN_UNREACHABLE_CODE = YES;
				CLANG_WARN__DUPLICATE_METHOD_MATCH = YES;
				COPY_PHASE_STRIP = NO;
				DEBUG_INFORMATION_FORMAT = "dwarf-with-dsym";
				ENABLE_NS_ASSERTIONS = NO;
				ENABLE_STRICT_OBJC_MSGSEND = YES;
				ENABLE_USER_SCRIPT_SANDBOXING = YES;
				GCC_C_LANGUAGE_STANDARD = gnu17;
				GCC_NO_COMMON_BLOCKS = YES;
				GCC_WARN_64_TO_32_BIT_CONVERSION = YES;
				GCC_WARN_ABOUT_RETURN_TYPE = YES_ERROR;
				GCC_WARN_UNDECLARED_SELECTOR = YES;
				GCC_WARN_UNINITIALIZED_AUTOS = YES_AGGRESSIVE;
				GCC_WARN_UNUSED_FUNCTION = YES;
				GCC_WARN_UNUSED_VARIABLE = YES;
				IPHONEOS_DEPLOYMENT_TARGET = 17.0;
				LOCALIZATION_PREFERS_STRING_CATALOGS = YES;
				MTL_ENABLE_DEBUG_INFO = NO;
				MTL_FAST_MATH = YES;
				SDKROOT = iphoneos;
				SWIFT_COMPILATION_MODE = wholemodule;
				VALIDATE_PRODUCT = YES;
			};
			name = Release;
		};
		EE20BBCA2B14E0A000D4EF35 /* Debug */ = {
			isa = XCBuildConfiguration;
			buildSettings = {
				ASSETCATALOG_COMPILER_APPICON_NAME = AppIcon;
				ASSETCATALOG_COMPILER_GLOBAL_ACCENT_COLOR_NAME = AccentColor;
				CODE_SIGN_STYLE = Automatic;
				CURRENT_PROJECT_VERSION = 1;
				DEVELOPMENT_ASSET_PATHS = "\"MisPropinas/Preview Content\"";
				DEVELOPMENT_TEAM = R9SUYSH8XH;
				ENABLE_PREVIEWS = YES;
				GENERATE_INFOPLIST_FILE = YES;
				INFOPLIST_KEY_UIApplicationSceneManifest_Generation = YES;
				INFOPLIST_KEY_UIApplicationSupportsIndirectInputEvents = YES;
				INFOPLIST_KEY_UILaunchScreen_Generation = YES;
				INFOPLIST_KEY_UISupportedInterfaceOrientations_iPad = "UIInterfaceOrientationPortrait UIInterfaceOrientationPortraitUpsideDown UIInterfaceOrientationLandscapeLeft UIInterfaceOrientationLandscapeRight";
				INFOPLIST_KEY_UISupportedInterfaceOrientations_iPhone = "UIInterfaceOrientationPortrait UIInterfaceOrientationLandscapeLeft UIInterfaceOrientationLandscapeRight";
				LD_RUNPATH_SEARCH_PATHS = (
					"$(inherited)",
					"@executable_path/Frameworks",
				);
				MARKETING_VERSION = 1.0;
				PRODUCT_BUNDLE_IDENTIFIER = com.MartSeguel.MisPropinas;
				PRODUCT_NAME = "$(TARGET_NAME)";
				SWIFT_EMIT_LOC_STRINGS = YES;
				SWIFT_VERSION = 5.0;
				TARGETED_DEVICE_FAMILY = "1,2";
			};
			name = Debug;
		};
		EE20BBCB2B14E0A000D4EF35 /* Release */ = {
			isa = XCBuildConfiguration;
			buildSettings = {
				ASSETCATALOG_COMPILER_APPICON_NAME = AppIcon;
				ASSETCATALOG_COMPILER_GLOBAL_ACCENT_COLOR_NAME = AccentColor;
				CODE_SIGN_STYLE = Automatic;
				CURRENT_PROJECT_VERSION = 1;
				DEVELOPMENT_ASSET_PATHS = "\"MisPropinas/Preview Content\"";
				DEVELOPMENT_TEAM = R9SUYSH8XH;
				ENABLE_PREVIEWS = YES;
				GENERATE_INFOPLIST_FILE = YES;
				INFOPLIST_KEY_UIApplicationSceneManifest_Generation = YES;
				INFOPLIST_KEY_UIApplicationSupportsIndirectInputEvents = YES;
				INFOPLIST_KEY_UILaunchScreen_Generation = YES;
				INFOPLIST_KEY_UISupportedInterfaceOrientations_iPad = "UIInterfaceOrientationPortrait UIInterfaceOrientationPortraitUpsideDown UIInterfaceOrientationLandscapeLeft UIInterfaceOrientationLandscapeRight";
				INFOPLIST_KEY_UISupportedInterfaceOrientations_iPhone = "UIInterfaceOrientationPortrait UIInterfaceOrientationLandscapeLeft UIInterfaceOrientationLandscapeRight";
				LD_RUNPATH_SEARCH_PATHS = (
					"$(inherited)",
					"@executable_path/Frameworks",
				);
				MARKETING_VERSION = 1.0;
				PRODUCT_BUNDLE_IDENTIFIER = com.MartSeguel.MisPropinas;
				PRODUCT_NAME = "$(TARGET_NAME)";
				SWIFT_EMIT_LOC_STRINGS = YES;
				SWIFT_VERSION = 5.0;
				TARGETED_DEVICE_FAMILY = "1,2";
			};
			name = Release;
		};
		EE20BBCD2B14E0A000D4EF35 /* Debug */ = {
			isa = XCBuildConfiguration;
			buildSettings = {
				ALWAYS_EMBED_SWIFT_STANDARD_LIBRARIES = YES;
				BUNDLE_LOADER = "$(TEST_HOST)";
				CODE_SIGN_STYLE = Automatic;
				CURRENT_PROJECT_VERSION = 1;
				DEVELOPMENT_TEAM = R9SUYSH8XH;
				GENERATE_INFOPLIST_FILE = YES;
				IPHONEOS_DEPLOYMENT_TARGET = 17.0;
				MARKETING_VERSION = 1.0;
				PRODUCT_BUNDLE_IDENTIFIER = com.MartSeguel.MisPropinasTests;
				PRODUCT_NAME = "$(TARGET_NAME)";
				SWIFT_EMIT_LOC_STRINGS = NO;
				SWIFT_VERSION = 5.0;
				TARGETED_DEVICE_FAMILY = "1,2";
				TEST_HOST = "$(BUILT_PRODUCTS_DIR)/MisPropinas.app/$(BUNDLE_EXECUTABLE_FOLDER_PATH)/MisPropinas";
			};
			name = Debug;
		};
		EE20BBCE2B14E0A000D4EF35 /* Release */ = {
			isa = XCBuildConfiguration;
			buildSettings = {
				ALWAYS_EMBED_SWIFT_STANDARD_LIBRARIES = YES;
				BUNDLE_LOADER = "$(TEST_HOST)";
				CODE_SIGN_STYLE = Automatic;
				CURRENT_PROJECT_VERSION = 1;
				DEVELOPMENT_TEAM = R9SUYSH8XH;
				GENERATE_INFOPLIST_FILE = YES;
				IPHONEOS_DEPLOYMENT_TARGET = 17.0;
				MARKETING_VERSION = 1.0;
				PRODUCT_BUNDLE_IDENTIFIER = com.MartSeguel.MisPropinasTests;
				PRODUCT_NAME = "$(TARGET_NAME)";
				SWIFT_EMIT_LOC_STRINGS = NO;
				SWIFT_VERSION = 5.0;
				TARGETED_DEVICE_FAMILY = "1,2";
				TEST_HOST = "$(BUILT_PRODUCTS_DIR)/MisPropinas.app/$(BUNDLE_EXECUTABLE_FOLDER_PATH)/MisPropinas";
			};
			name = Release;
		};
		EE20BBD02B14E0A000D4EF35 /* Debug */ = {
			isa = XCBuildConfiguration;
			buildSettings = {
				ALWAYS_EMBED_SWIFT_STANDARD_LIBRARIES = YES;
				CODE_SIGN_STYLE = Automatic;
				CURRENT_PROJECT_VERSION = 1;
				DEVELOPMENT_TEAM = R9SUYSH8XH;
				GENERATE_INFOPLIST_FILE = YES;
				MARKETING_VERSION = 1.0;
				PRODUCT_BUNDLE_IDENTIFIER = com.MartSeguel.MisPropinasUITests;
				PRODUCT_NAME = "$(TARGET_NAME)";
				SWIFT_EMIT_LOC_STRINGS = NO;
				SWIFT_VERSION = 5.0;
				TARGETED_DEVICE_FAMILY = "1,2";
				TEST_TARGET_NAME = MisPropinas;
			};
			name = Debug;
		};
		EE20BBD12B14E0A000D4EF35 /* Release */ = {
			isa = XCBuildConfiguration;
			buildSettings = {
				ALWAYS_EMBED_SWIFT_STANDARD_LIBRARIES = YES;
				CODE_SIGN_STYLE = Automatic;
				CURRENT_PROJECT_VERSION = 1;
				DEVELOPMENT_TEAM = R9SUYSH8XH;
				GENERATE_INFOPLIST_FILE = YES;
				MARKETING_VERSION = 1.0;
				PRODUCT_BUNDLE_IDENTIFIER = com.MartSeguel.MisPropinasUITests;
				PRODUCT_NAME = "$(TARGET_NAME)";
				SWIFT_EMIT_LOC_STRINGS = NO;
				SWIFT_VERSION = 5.0;
				TARGETED_DEVICE_FAMILY = "1,2";
				TEST_TARGET_NAME = MisPropinas;
			};
			name = Release;
		};
/* End XCBuildConfiguration section */

/* Begin XCConfigurationList section */
		EE20BBA02B14E09E00D4EF35 /* Build configuration list for PBXProject "MisPropinas" */ = {
			isa = XCConfigurationList;
			buildConfigurations = (
				EE20BBC72B14E0A000D4EF35 /* Debug */,
				EE20BBC82B14E0A000D4EF35 /* Release */,
			);
			defaultConfigurationIsVisible = 0;
			defaultConfigurationName = Release;
		};
		EE20BBC92B14E0A000D4EF35 /* Build configuration list for PBXNativeTarget "MisPropinas" */ = {
			isa = XCConfigurationList;
			buildConfigurations = (
				EE20BBCA2B14E0A000D4EF35 /* Debug */,
				EE20BBCB2B14E0A000D4EF35 /* Release */,
			);
			defaultConfigurationIsVisible = 0;
			defaultConfigurationName = Release;
		};
		EE20BBCC2B14E0A000D4EF35 /* Build configuration list for PBXNativeTarget "MisPropinasTests" */ = {
			isa = XCConfigurationList;
			buildConfigurations = (
				EE20BBCD2B14E0A000D4EF35 /* Debug */,
				EE20BBCE2B14E0A000D4EF35 /* Release */,
			);
			defaultConfigurationIsVisible = 0;
			defaultConfigurationName = Release;
		};
		EE20BBCF2B14E0A000D4EF35 /* Build configuration list for PBXNativeTarget "MisPropinasUITests" */ = {
			isa = XCConfigurationList;
			buildConfigurations = (
				EE20BBD02B14E0A000D4EF35 /* Debug */,
				EE20BBD12B14E0A000D4EF35 /* Release */,
			);
			defaultConfigurationIsVisible = 0;
			defaultConfigurationName = Release;
		};
/* End XCConfigurationList section */
	};
	rootObject = EE20BB9D2B14E09E00D4EF35 /* Project object */;
}
